{
  "name": "@wener/reaction",
  "version": "1.0.5",
  "lockfileVersion": 2,
  "requires": true,
  "packages": {
    "": {
      "name": "@wener/reaction",
      "version": "1.0.5",
      "license": "MIT",
      "devDependencies": {
        "@types/react": "^17",
        "esbuild": "^0.13.12",
        "react": "^17",
        "typescript": "^4"
      },
      "peerDependencies": {
        "react": ">=16"
      }
    },
    "node_modules/@types/prop-types": {
      "version": "15.7.4",
      "resolved": "https://registry.nlark.com/@types/prop-types/download/@types/prop-types-15.7.4.tgz?cache=0&sync_timestamp=1629708737049&other_urls=https%3A%2F%2Fregistry.nlark.com%2F%40types%2Fprop-types%2Fdownload%2F%40types%2Fprop-types-15.7.4.tgz",
      "integrity": "sha1-/PcgXCXf95Xuea8eMNosl5CAjxE=",
      "dev": true
    },
    "node_modules/@types/react": {
      "version": "17.0.34",
      "resolved": "https://registry.npmmirror.com/@types/react/download/@types/react-17.0.34.tgz",
      "integrity": "sha1-eXtm01m2kuPxmZG2sH5LDHBsAQI=",
      "dev": true,
      "license": "MIT",
      "dependencies": {
        "@types/prop-types": "*",
        "@types/scheduler": "*",
        "csstype": "^3.0.2"
      }
    },
    "node_modules/@types/scheduler": {
      "version": "0.16.2",
      "resolved": "https://registry.nlark.com/@types/scheduler/download/@types/scheduler-0.16.2.tgz?cache=0&sync_timestamp=1629709259268&other_urls=https%3A%2F%2Fregistry.nlark.com%2F%40types%2Fscheduler%2Fdownload%2F%40types%2Fscheduler-0.16.2.tgz",
      "integrity": "sha1-GmL4lSVyPd4kuhsBsJK/XfitTTk=",
      "dev": true
    },
    "node_modules/csstype": {
      "version": "3.0.9",
      "resolved": "https://registry.nlark.com/csstype/download/csstype-3.0.9.tgz",
      "integrity": "sha1-ZBCvMbJr0FIJM9AsvGT86c4/vws=",
      "dev": true
    },
    "node_modules/esbuild": {
      "version": "0.13.12",
      "resolved": "https://registry.npmmirror.com/esbuild/download/esbuild-0.13.12.tgz?cache=0&sync_timestamp=1635657345922&other_urls=https%3A%2F%2Fregistry.npmmirror.com%2Fesbuild%2Fdownload%2Fesbuild-0.13.12.tgz",
      "integrity": "sha1-nKxkFZS/A880FFJYwJPXQ+u958o=",
      "dev": true,
      "hasInstallScript": true,
      "license": "MIT",
      "bin": {
        "esbuild": "bin/esbuild"
      },
      "optionalDependencies": {
        "esbuild-android-arm64": "0.13.12",
        "esbuild-darwin-64": "0.13.12",
        "esbuild-darwin-arm64": "0.13.12",
        "esbuild-freebsd-64": "0.13.12",
        "esbuild-freebsd-arm64": "0.13.12",
        "esbuild-linux-32": "0.13.12",
        "esbuild-linux-64": "0.13.12",
        "esbuild-linux-arm": "0.13.12",
        "esbuild-linux-arm64": "0.13.12",
        "esbuild-linux-mips64le": "0.13.12",
        "esbuild-linux-ppc64le": "0.13.12",
        "esbuild-netbsd-64": "0.13.12",
        "esbuild-openbsd-64": "0.13.12",
        "esbuild-sunos-64": "0.13.12",
        "esbuild-windows-32": "0.13.12",
        "esbuild-windows-64": "0.13.12",
        "esbuild-windows-arm64": "0.13.12"
      }
    },
    "node_modules/esbuild-android-arm64": {
      "version": "0.13.12",
      "resolved": "https://registry.npmmirror.com/esbuild-android-arm64/download/esbuild-android-arm64-0.13.12.tgz?cache=0&sync_timestamp=1635657401958&other_urls=https%3A%2F%2Fregistry.npmmirror.com%2Fesbuild-android-arm64%2Fdownload%2Fesbuild-android-arm64-0.13.12.tgz",
      "integrity": "sha1-4fGZ3AVAXNxmcMAPtseTgiv4rkw=",
      "cpu": [
        "arm64"
      ],
      "dev": true,
      "license": "MIT",
      "optional": true,
      "os": [
        "android"
      ]
    },
    "node_modules/esbuild-darwin-64": {
      "version": "0.13.12",
      "resolved": "https://registry.npmmirror.com/esbuild-darwin-64/download/esbuild-darwin-64-0.13.12.tgz",
      "integrity": "sha1-9cWeYilVwB8FDlp6ycHUHbcUuU0=",
      "cpu": [
        "x64"
      ],
      "dev": true,
      "license": "MIT",
      "optional": true,
      "os": [
        "darwin"
      ]
    },
    "node_modules/esbuild-darwin-arm64": {
      "version": "0.13.12",
      "resolved": "https://registry.npmmirror.com/esbuild-darwin-arm64/download/esbuild-darwin-arm64-0.13.12.tgz?cache=0&sync_timestamp=1635657375258&other_urls=https%3A%2F%2Fregistry.npmmirror.com%2Fesbuild-darwin-arm64%2Fdownload%2Fesbuild-darwin-arm64-0.13.12.tgz",
      "integrity": "sha1-irrnTClWqKpWj8UseIKTOMSkuYg=",
      "cpu": [
        "arm64"
      ],
      "dev": true,
      "license": "MIT",
      "optional": true,
      "os": [
        "darwin"
      ]
    },
    "node_modules/esbuild-freebsd-64": {
      "version": "0.13.12",
      "resolved": "https://registry.npmmirror.com/esbuild-freebsd-64/download/esbuild-freebsd-64-0.13.12.tgz?cache=0&sync_timestamp=1635657382242&other_urls=https%3A%2F%2Fregistry.npmmirror.com%2Fesbuild-freebsd-64%2Fdownload%2Fesbuild-freebsd-64-0.13.12.tgz",
      "integrity": "sha1-atKrjANk7n3S1uMk2Hao5grnXRI=",
      "cpu": [
        "x64"
      ],
      "dev": true,
      "license": "MIT",
      "optional": true,
      "os": [
        "freebsd"
      ]
    },
    "node_modules/esbuild-freebsd-arm64": {
      "version": "0.13.12",
      "resolved": "https://registry.npmmirror.com/esbuild-freebsd-arm64/download/esbuild-freebsd-arm64-0.13.12.tgz?cache=0&other_urls=https%3A%2F%2Fregistry.npmmirror.com%2Fesbuild-freebsd-arm64%2Fdownload%2Fesbuild-freebsd-arm64-0.13.12.tgz",
      "integrity": "sha1-bzgVX0wwCsTIrd4f3jzGpEQKgpQ=",
      "cpu": [
        "arm64"
      ],
      "dev": true,
      "license": "MIT",
      "optional": true,
      "os": [
        "freebsd"
      ]
    },
    "node_modules/esbuild-linux-32": {
      "version": "0.13.12",
      "resolved": "https://registry.npmmirror.com/esbuild-linux-32/download/esbuild-linux-32-0.13.12.tgz?cache=0&sync_timestamp=1635657394431&other_urls=https%3A%2F%2Fregistry.npmmirror.com%2Fesbuild-linux-32%2Fdownload%2Fesbuild-linux-32-0.13.12.tgz",
      "integrity": "sha1-sdFeMwGIqMId51w/AFhiij7vrec=",
      "cpu": [
        "ia32"
      ],
      "dev": true,
      "license": "MIT",
      "optional": true,
      "os": [
        "linux"
      ]
    },
    "node_modules/esbuild-linux-64": {
      "version": "0.13.12",
      "resolved": "https://registry.npmmirror.com/esbuild-linux-64/download/esbuild-linux-64-0.13.12.tgz",
      "integrity": "sha1-Jb1ktmFisCNI4y2PEuTJ7mHx0HA=",
      "cpu": [
        "x64"
      ],
      "dev": true,
      "license": "MIT",
      "optional": true,
      "os": [
        "linux"
      ]
    },
    "node_modules/esbuild-linux-arm": {
      "version": "0.13.12",
      "resolved": "https://registry.npmmirror.com/esbuild-linux-arm/download/esbuild-linux-arm-0.13.12.tgz?cache=0&sync_timestamp=1635657980314&other_urls=https%3A%2F%2Fregistry.npmmirror.com%2Fesbuild-linux-arm%2Fdownload%2Fesbuild-linux-arm-0.13.12.tgz",
      "integrity": "sha1-a8gclXv/InJWiMxjWcKaJXZb4Js=",
      "cpu": [
        "arm"
      ],
      "dev": true,
      "license": "MIT",
      "optional": true,
      "os": [
        "linux"
      ]
    },
    "node_modules/esbuild-linux-arm64": {
      "version": "0.13.12",
      "resolved": "https://registry.npmmirror.com/esbuild-linux-arm64/download/esbuild-linux-arm64-0.13.12.tgz?cache=0&sync_timestamp=1635657985700&other_urls=https%3A%2F%2Fregistry.npmmirror.com%2Fesbuild-linux-arm64%2Fdownload%2Fesbuild-linux-arm64-0.13.12.tgz",
      "integrity": "sha1-ulgimEV8xcmsgjonXeEXYgwGU38=",
      "cpu": [
        "arm64"
      ],
      "dev": true,
      "license": "MIT",
      "optional": true,
      "os": [
        "linux"
      ]
    },
    "node_modules/esbuild-linux-mips64le": {
      "version": "0.13.12",
      "resolved": "https://registry.npmmirror.com/esbuild-linux-mips64le/download/esbuild-linux-mips64le-0.13.12.tgz?cache=0&sync_timestamp=1635657991247&other_urls=https%3A%2F%2Fregistry.npmmirror.com%2Fesbuild-linux-mips64le%2Fdownload%2Fesbuild-linux-mips64le-0.13.12.tgz",
      "integrity": "sha1-7zxKuj5YXYR8ut5ZRai0pcYsfOI=",
      "cpu": [
        "mips64el"
      ],
      "dev": true,
      "license": "MIT",
      "optional": true,
      "os": [
        "linux"
      ]
    },
    "node_modules/esbuild-linux-ppc64le": {
      "version": "0.13.12",
      "resolved": "https://registry.npmmirror.com/esbuild-linux-ppc64le/download/esbuild-linux-ppc64le-0.13.12.tgz?cache=0&sync_timestamp=1635657416015&other_urls=https%3A%2F%2Fregistry.npmmirror.com%2Fesbuild-linux-ppc64le%2Fdownload%2Fesbuild-linux-ppc64le-0.13.12.tgz",
      "integrity": "sha1-oh+2ToDDi+8GEi5IKDmQ/G21eOE=",
      "cpu": [
        "ppc64"
      ],
      "dev": true,
      "license": "MIT",
      "optional": true,
      "os": [
        "linux"
      ]
    },
    "node_modules/esbuild-netbsd-64": {
      "version": "0.13.12",
      "resolved": "https://registry.npmmirror.com/esbuild-netbsd-64/download/esbuild-netbsd-64-0.13.12.tgz?cache=0&sync_timestamp=1635657417330&other_urls=https%3A%2F%2Fregistry.npmmirror.com%2Fesbuild-netbsd-64%2Fdownload%2Fesbuild-netbsd-64-0.13.12.tgz",
      "integrity": "sha1-Hqf8jPzoiiCkBHuGfvGEBJpmQa4=",
      "cpu": [
        "x64"
      ],
      "dev": true,
      "license": "MIT",
      "optional": true,
      "os": [
        "netbsd"
      ]
    },
    "node_modules/esbuild-openbsd-64": {
      "version": "0.13.12",
      "resolved": "https://registry.npmmirror.com/esbuild-openbsd-64/download/esbuild-openbsd-64-0.13.12.tgz?cache=0&sync_timestamp=1635657418495&other_urls=https%3A%2F%2Fregistry.npmmirror.com%2Fesbuild-openbsd-64%2Fdownload%2Fesbuild-openbsd-64-0.13.12.tgz",
      "integrity": "sha1-rd4y8vGwXcS9T8VE1upaQ3n5yk0=",
      "cpu": [
        "x64"
      ],
      "dev": true,
      "license": "MIT",
      "optional": true,
      "os": [
        "openbsd"
      ]
    },
    "node_modules/esbuild-sunos-64": {
      "version": "0.13.12",
      "resolved": "https://registry.npmmirror.com/esbuild-sunos-64/download/esbuild-sunos-64-0.13.12.tgz?cache=0&sync_timestamp=1635657419814&other_urls=https%3A%2F%2Fregistry.npmmirror.com%2Fesbuild-sunos-64%2Fdownload%2Fesbuild-sunos-64-0.13.12.tgz",
      "integrity": "sha1-p+yvUrc2T77nbciqcH+j4c/zNCw=",
      "cpu": [
        "x64"
      ],
      "dev": true,
      "license": "MIT",
      "optional": true,
      "os": [
        "sunos"
      ]
    },
    "node_modules/esbuild-windows-32": {
      "version": "0.13.12",
      "resolved": "https://registry.npmmirror.com/esbuild-windows-32/download/esbuild-windows-32-0.13.12.tgz?cache=0&sync_timestamp=1635657421280&other_urls=https%3A%2F%2Fregistry.npmmirror.com%2Fesbuild-windows-32%2Fdownload%2Fesbuild-windows-32-0.13.12.tgz",
      "integrity": "sha1-qHVgM9yQXEt76hm+affuaICfh3A=",
      "cpu": [
        "ia32"
      ],
      "dev": true,
      "license": "MIT",
      "optional": true,
      "os": [
        "win32"
      ]
    },
    "node_modules/esbuild-windows-64": {
      "version": "0.13.12",
      "resolved": "https://registry.npmmirror.com/esbuild-windows-64/download/esbuild-windows-64-0.13.12.tgz?cache=0&sync_timestamp=1635657422717&other_urls=https%3A%2F%2Fregistry.npmmirror.com%2Fesbuild-windows-64%2Fdownload%2Fesbuild-windows-64-0.13.12.tgz",
      "integrity": "sha1-rmlKpmygeKy4UJstoxGX7R9A95g=",
      "cpu": [
        "x64"
      ],
      "dev": true,
      "license": "MIT",
      "optional": true,
      "os": [
        "win32"
      ]
    },
    "node_modules/esbuild-windows-arm64": {
      "version": "0.13.12",
      "resolved": "https://registry.npmmirror.com/esbuild-windows-arm64/download/esbuild-windows-arm64-0.13.12.tgz?cache=0&sync_timestamp=1635657423862&other_urls=https%3A%2F%2Fregistry.npmmirror.com%2Fesbuild-windows-arm64%2Fdownload%2Fesbuild-windows-arm64-0.13.12.tgz",
      "integrity": "sha1-eCxai9bXF+pVqq/mSPmSbKNqSog=",
      "cpu": [
        "arm64"
      ],
      "dev": true,
      "license": "MIT",
      "optional": true,
      "os": [
        "win32"
      ]
    },
    "node_modules/js-tokens": {
      "version": "4.0.0",
      "resolved": "https://registry.nlark.com/js-tokens/download/js-tokens-4.0.0.tgz",
      "integrity": "sha1-GSA/tZmR35jjoocFDUZHzerzJJk=",
      "dev": true
    },
    "node_modules/loose-envify": {
      "version": "1.4.0",
      "resolved": "https://registry.nlark.com/loose-envify/download/loose-envify-1.4.0.tgz",
      "integrity": "sha1-ce5R+nvkyuwaY4OffmgtgTLTDK8=",
      "dev": true,
      "dependencies": {
        "js-tokens": "^3.0.0 || ^4.0.0"
      },
      "bin": {
        "loose-envify": "cli.js"
      }
    },
    "node_modules/object-assign": {
      "version": "4.1.1",
      "resolved": "https://registry.nlark.com/object-assign/download/object-assign-4.1.1.tgz?cache=0&sync_timestamp=1618847198142&other_urls=https%3A%2F%2Fregistry.nlark.com%2Fobject-assign%2Fdownload%2Fobject-assign-4.1.1.tgz",
      "integrity": "sha1-IQmtx5ZYh8/AXLvUQsrIv7s2CGM=",
      "dev": true,
      "engines": {
        "node": ">=0.10.0"
      }
    },
    "node_modules/react": {
      "version": "17.0.2",
      "resolved": "https://registry.npmmirror.com/react/download/react-17.0.2.tgz?cache=0&sync_timestamp=1636128949988&other_urls=https%3A%2F%2Fregistry.npmmirror.com%2Freact%2Fdownload%2Freact-17.0.2.tgz",
      "integrity": "sha1-0LXMUW0p6z7uOD91tihkz7aAADc=",
      "dev": true,
      "dependencies": {
        "loose-envify": "^1.1.0",
        "object-assign": "^4.1.1"
      },
      "engines": {
        "node": ">=0.10.0"
      }
    },
    "node_modules/typescript": {
      "version": "4.4.4",
      "resolved": "https://registry.npmmirror.com/typescript/download/typescript-4.4.4.tgz",
      "integrity": "sha1-LNAaGh8WBwTTEB/VpY/w+fy4Aww=",
      "dev": true,
      "license": "Apache-2.0",
      "bin": {
        "tsc": "bin/tsc",
        "tsserver": "bin/tsserver"
      },
      "engines": {
        "node": ">=4.2.0"
      }
    }
  },
  "dependencies": {
    "@types/prop-types": {
      "version": "15.7.4",
      "resolved": "https://registry.nlark.com/@types/prop-types/download/@types/prop-types-15.7.4.tgz?cache=0&sync_timestamp=1629708737049&other_urls=https%3A%2F%2Fregistry.nlark.com%2F%40types%2Fprop-types%2Fdownload%2F%40types%2Fprop-types-15.7.4.tgz",
      "integrity": "sha1-/PcgXCXf95Xuea8eMNosl5CAjxE=",
      "dev": true
    },
    "@types/react": {
      "version": "17.0.34",
      "resolved": "https://registry.npmmirror.com/@types/react/download/@types/react-17.0.34.tgz",
      "integrity": "sha1-eXtm01m2kuPxmZG2sH5LDHBsAQI=",
      "dev": true,
      "requires": {
        "@types/prop-types": "*",
        "@types/scheduler": "*",
        "csstype": "^3.0.2"
      }
    },
    "@types/scheduler": {
      "version": "0.16.2",
      "resolved": "https://registry.nlark.com/@types/scheduler/download/@types/scheduler-0.16.2.tgz?cache=0&sync_timestamp=1629709259268&other_urls=https%3A%2F%2Fregistry.nlark.com%2F%40types%2Fscheduler%2Fdownload%2F%40types%2Fscheduler-0.16.2.tgz",
      "integrity": "sha1-GmL4lSVyPd4kuhsBsJK/XfitTTk=",
      "dev": true
    },
    "csstype": {
      "version": "3.0.9",
      "resolved": "https://registry.nlark.com/csstype/download/csstype-3.0.9.tgz",
      "integrity": "sha1-ZBCvMbJr0FIJM9AsvGT86c4/vws=",
      "dev": true
    },
    "esbuild": {
      "version": "0.13.12",
      "resolved": "https://registry.npmmirror.com/esbuild/download/esbuild-0.13.12.tgz?cache=0&sync_timestamp=1635657345922&other_urls=https%3A%2F%2Fregistry.npmmirror.com%2Fesbuild%2Fdownload%2Fesbuild-0.13.12.tgz",
      "integrity": "sha1-nKxkFZS/A880FFJYwJPXQ+u958o=",
      "dev": true,
      "requires": {
        "esbuild-android-arm64": "0.13.12",
        "esbuild-darwin-64": "0.13.12",
        "esbuild-darwin-arm64": "0.13.12",
        "esbuild-freebsd-64": "0.13.12",
        "esbuild-freebsd-arm64": "0.13.12",
        "esbuild-linux-32": "0.13.12",
        "esbuild-linux-64": "0.13.12",
        "esbuild-linux-arm": "0.13.12",
        "esbuild-linux-arm64": "0.13.12",
        "esbuild-linux-mips64le": "0.13.12",
        "esbuild-linux-ppc64le": "0.13.12",
        "esbuild-netbsd-64": "0.13.12",
        "esbuild-openbsd-64": "0.13.12",
        "esbuild-sunos-64": "0.13.12",
        "esbuild-windows-32": "0.13.12",
        "esbuild-windows-64": "0.13.12",
        "esbuild-windows-arm64": "0.13.12"
      }
    },
    "esbuild-android-arm64": {
      "version": "0.13.12",
      "resolved": "https://registry.npmmirror.com/esbuild-android-arm64/download/esbuild-android-arm64-0.13.12.tgz?cache=0&sync_timestamp=1635657401958&other_urls=https%3A%2F%2Fregistry.npmmirror.com%2Fesbuild-android-arm64%2Fdownload%2Fesbuild-android-arm64-0.13.12.tgz",
      "integrity": "sha1-4fGZ3AVAXNxmcMAPtseTgiv4rkw=",
      "dev": true,
      "optional": true
    },
    "esbuild-darwin-64": {
      "version": "0.13.12",
      "resolved": "https://registry.npmmirror.com/esbuild-darwin-64/download/esbuild-darwin-64-0.13.12.tgz",
      "integrity": "sha1-9cWeYilVwB8FDlp6ycHUHbcUuU0=",
      "dev": true,
      "optional": true
    },
    "esbuild-darwin-arm64": {
      "version": "0.13.12",
      "resolved": "https://registry.npmmirror.com/esbuild-darwin-arm64/download/esbuild-darwin-arm64-0.13.12.tgz?cache=0&sync_timestamp=1635657375258&other_urls=https%3A%2F%2Fregistry.npmmirror.com%2Fesbuild-darwin-arm64%2Fdownload%2Fesbuild-darwin-arm64-0.13.12.tgz",
      "integrity": "sha1-irrnTClWqKpWj8UseIKTOMSkuYg=",
      "dev": true,
      "optional": true
    },
    "esbuild-freebsd-64": {
      "version": "0.13.12",
      "resolved": "https://registry.npmmirror.com/esbuild-freebsd-64/download/esbuild-freebsd-64-0.13.12.tgz?cache=0&sync_timestamp=1635657382242&other_urls=https%3A%2F%2Fregistry.npmmirror.com%2Fesbuild-freebsd-64%2Fdownload%2Fesbuild-freebsd-64-0.13.12.tgz",
      "integrity": "sha1-atKrjANk7n3S1uMk2Hao5grnXRI=",
      "dev": true,
      "optional": true
    },
    "esbuild-freebsd-arm64": {
      "version": "0.13.12",
      "resolved": "https://registry.npmmirror.com/esbuild-freebsd-arm64/download/esbuild-freebsd-arm64-0.13.12.tgz?cache=0&other_urls=https%3A%2F%2Fregistry.npmmirror.com%2Fesbuild-freebsd-arm64%2Fdownload%2Fesbuild-freebsd-arm64-0.13.12.tgz",
      "integrity": "sha1-bzgVX0wwCsTIrd4f3jzGpEQKgpQ=",
      "dev": true,
      "optional": true
    },
    "esbuild-linux-32": {
      "version": "0.13.12",
      "resolved": "https://registry.npmmirror.com/esbuild-linux-32/download/esbuild-linux-32-0.13.12.tgz?cache=0&sync_timestamp=1635657394431&other_urls=https%3A%2F%2Fregistry.npmmirror.com%2Fesbuild-linux-32%2Fdownload%2Fesbuild-linux-32-0.13.12.tgz",
      "integrity": "sha1-sdFeMwGIqMId51w/AFhiij7vrec=",
      "dev": true,
      "optional": true
    },
    "esbuild-linux-64": {
      "version": "0.13.12",
      "resolved": "https://registry.npmmirror.com/esbuild-linux-64/download/esbuild-linux-64-0.13.12.tgz",
      "integrity": "sha1-Jb1ktmFisCNI4y2PEuTJ7mHx0HA=",
      "dev": true,
      "optional": true
    },
    "esbuild-linux-arm": {
      "version": "0.13.12",
      "resolved": "https://registry.npmmirror.com/esbuild-linux-arm/download/esbuild-linux-arm-0.13.12.tgz?cache=0&sync_timestamp=1635657980314&other_urls=https%3A%2F%2Fregistry.npmmirror.com%2Fesbuild-linux-arm%2Fdownload%2Fesbuild-linux-arm-0.13.12.tgz",
      "integrity": "sha1-a8gclXv/InJWiMxjWcKaJXZb4Js=",
      "dev": true,
      "optional": true
    },
    "esbuild-linux-arm64": {
      "version": "0.13.12",
      "resolved": "https://registry.npmmirror.com/esbuild-linux-arm64/download/esbuild-linux-arm64-0.13.12.tgz?cache=0&sync_timestamp=1635657985700&other_urls=https%3A%2F%2Fregistry.npmmirror.com%2Fesbuild-linux-arm64%2Fdownload%2Fesbuild-linux-arm64-0.13.12.tgz",
      "integrity": "sha1-ulgimEV8xcmsgjonXeEXYgwGU38=",
      "dev": true,
      "optional": true
    },
    "esbuild-linux-mips64le": {
      "version": "0.13.12",
      "resolved": "https://registry.npmmirror.com/esbuild-linux-mips64le/download/esbuild-linux-mips64le-0.13.12.tgz?cache=0&sync_timestamp=1635657991247&other_urls=https%3A%2F%2Fregistry.npmmirror.com%2Fesbuild-linux-mips64le%2Fdownload%2Fesbuild-linux-mips64le-0.13.12.tgz",
      "integrity": "sha1-7zxKuj5YXYR8ut5ZRai0pcYsfOI=",
      "dev": true,
      "optional": true
    },
    "esbuild-linux-ppc64le": {
      "version": "0.13.12",
      "resolved": "https://registry.npmmirror.com/esbuild-linux-ppc64le/download/esbuild-linux-ppc64le-0.13.12.tgz?cache=0&sync_timestamp=1635657416015&other_urls=https%3A%2F%2Fregistry.npmmirror.com%2Fesbuild-linux-ppc64le%2Fdownload%2Fesbuild-linux-ppc64le-0.13.12.tgz",
      "integrity": "sha1-oh+2ToDDi+8GEi5IKDmQ/G21eOE=",
      "dev": true,
      "optional": true
    },
    "esbuild-netbsd-64": {
      "version": "0.13.12",
      "resolved": "https://registry.npmmirror.com/esbuild-netbsd-64/download/esbuild-netbsd-64-0.13.12.tgz?cache=0&sync_timestamp=1635657417330&other_urls=https%3A%2F%2Fregistry.npmmirror.com%2Fesbuild-netbsd-64%2Fdownload%2Fesbuild-netbsd-64-0.13.12.tgz",
      "integrity": "sha1-Hqf8jPzoiiCkBHuGfvGEBJpmQa4=",
      "dev": true,
      "optional": true
    },
    "esbuild-openbsd-64": {
      "version": "0.13.12",
      "resolved": "https://registry.npmmirror.com/esbuild-openbsd-64/download/esbuild-openbsd-64-0.13.12.tgz?cache=0&sync_timestamp=1635657418495&other_urls=https%3A%2F%2Fregistry.npmmirror.com%2Fesbuild-openbsd-64%2Fdownload%2Fesbuild-openbsd-64-0.13.12.tgz",
      "integrity": "sha1-rd4y8vGwXcS9T8VE1upaQ3n5yk0=",
      "dev": true,
      "optional": true
    },
    "esbuild-sunos-64": {
      "version": "0.13.12",
      "resolved": "https://registry.npmmirror.com/esbuild-sunos-64/download/esbuild-sunos-64-0.13.12.tgz?cache=0&sync_timestamp=1635657419814&other_urls=https%3A%2F%2Fregistry.npmmirror.com%2Fesbuild-sunos-64%2Fdownload%2Fesbuild-sunos-64-0.13.12.tgz",
      "integrity": "sha1-p+yvUrc2T77nbciqcH+j4c/zNCw=",
      "dev": true,
      "optional": true
    },
    "esbuild-windows-32": {
      "version": "0.13.12",
      "resolved": "https://registry.npmmirror.com/esbuild-windows-32/download/esbuild-windows-32-0.13.12.tgz?cache=0&sync_timestamp=1635657421280&other_urls=https%3A%2F%2Fregistry.npmmirror.com%2Fesbuild-windows-32%2Fdownload%2Fesbuild-windows-32-0.13.12.tgz",
      "integrity": "sha1-qHVgM9yQXEt76hm+affuaICfh3A=",
      "dev": true,
      "optional": true
    },
    "esbuild-windows-64": {
      "version": "0.13.12",
      "resolved": "https://registry.npmmirror.com/esbuild-windows-64/download/esbuild-windows-64-0.13.12.tgz?cache=0&sync_timestamp=1635657422717&other_urls=https%3A%2F%2Fregistry.npmmirror.com%2Fesbuild-windows-64%2Fdownload%2Fesbuild-windows-64-0.13.12.tgz",
      "integrity": "sha1-rmlKpmygeKy4UJstoxGX7R9A95g=",
      "dev": true,
      "optional": true
    },
    "esbuild-windows-arm64": {
      "version": "0.13.12",
      "resolved": "https://registry.npmmirror.com/esbuild-windows-arm64/download/esbuild-windows-arm64-0.13.12.tgz?cache=0&sync_timestamp=1635657423862&other_urls=https%3A%2F%2Fregistry.npmmirror.com%2Fesbuild-windows-arm64%2Fdownload%2Fesbuild-windows-arm64-0.13.12.tgz",
      "integrity": "sha1-eCxai9bXF+pVqq/mSPmSbKNqSog=",
      "dev": true,
      "optional": true
    },
    "js-tokens": {
      "version": "4.0.0",
      "resolved": "https://registry.nlark.com/js-tokens/download/js-tokens-4.0.0.tgz",
      "integrity": "sha1-GSA/tZmR35jjoocFDUZHzerzJJk=",
      "dev": true
    },
    "loose-envify": {
      "version": "1.4.0",
      "resolved": "https://registry.nlark.com/loose-envify/download/loose-envify-1.4.0.tgz",
      "integrity": "sha1-ce5R+nvkyuwaY4OffmgtgTLTDK8=",
      "dev": true,
      "requires": {
        "js-tokens": "^3.0.0 || ^4.0.0"
      }
    },
    "object-assign": {
      "version": "4.1.1",
      "resolved": "https://registry.nlark.com/object-assign/download/object-assign-4.1.1.tgz?cache=0&sync_timestamp=1618847198142&other_urls=https%3A%2F%2Fregistry.nlark.com%2Fobject-assign%2Fdownload%2Fobject-assign-4.1.1.tgz",
      "integrity": "sha1-IQmtx5ZYh8/AXLvUQsrIv7s2CGM=",
      "dev": true
    },
    "react": {
      "version": "17.0.2",
      "resolved": "https://registry.npmmirror.com/react/download/react-17.0.2.tgz?cache=0&sync_timestamp=1636128949988&other_urls=https%3A%2F%2Fregistry.npmmirror.com%2Freact%2Fdownload%2Freact-17.0.2.tgz",
      "integrity": "sha1-0LXMUW0p6z7uOD91tihkz7aAADc=",
      "dev": true,
      "requires": {
        "loose-envify": "^1.1.0",
        "object-assign": "^4.1.1"
      }
    },
    "typescript": {
      "version": "4.4.4",
      "resolved": "https://registry.npmmirror.com/typescript/download/typescript-4.4.4.tgz",
      "integrity": "sha1-LNAaGh8WBwTTEB/VpY/w+fy4Aww=",
      "dev": true
    }
  }
}
